# This file is automatically @generated by Cargo.
# It is not intended for manual editing.
version = 3

[[package]]
name = "rum"
version = "0.1.0"
dependencies = [
 "valgrind",
]

[[package]]
name = "valgrind"
version = "0.1.2"
source = "registry+https://github.com/rust-lang/crates.io-index"
checksum = "980054b6c562c12cc70dec6f1ead4538ff9a0bda9135659142a7971dcbef2d81"
